
Microsoft Visual Studio Solution File, Format Version 12.00
# Visual Studio Version 17
VisualStudioVersion = 17.12.35521.163
MinimumVisualStudioVersion = 10.0.40219.1
Project("{8BC9CEB8-8B4A-11D0-8D11-00A0C91BC942}") = "avi_output", "avi_output\avi_output.vcxproj", "{B820CD4A-523A-4ADA-B766-49A91C53E3BA}"
EndProject
Project("{8BC9CEB8-8B4A-11D0-8D11-00A0C91BC942}") = "graygif_output", "graygif_output\graygif_output.vcxproj", "{B96E0576-1674-494A-88C4-E0A704977D22}"
EndProject
Project("{8BC9CEB8-8B4A-11D0-8D11-00A0C91BC942}") = "fpgif_output", "fpgif_output\fpgif_output.vcxproj", "{68EBB8D5-CC3C-472E-AA3A-79E049269E4E}"
EndProject
Project("{8BC9CEB8-8B4A-11D0-8D11-00A0C91BC942}") = "pngs_output", "pngs_output\pngs_output.vcxproj", "{66357E32-AAC9-4CF4-82F8-710FB70899EC}"
EndProject
Project("{8BC9CEB8-8B4A-11D0-8D11-00A0C91BC942}") = "apng_output", "apng_output\apng_output.vcxproj", "{D9D6E0F9-878F-4958-B207-1D08829404C7}"
EndProject
Project("{8BC9CEB8-8B4A-11D0-8D11-00A0C91BC942}") = "liteexr_input", "liteexr_input\liteexr_input.vcxproj", "{3F0BD56C-A9D9-4B54-9ED1-67D36AB4D7AD}"
EndProject
Project("{8BC9CEB8-8B4A-11D0-8D11-00A0C91BC942}") = "liteexr_output", "liteexr_output\liteexr_output.vcxproj", "{667CAFDD-11E8-47D3-AF6A-FC7C218F05B6}"
EndProject
Project("{8BC9CEB8-8B4A-11D0-8D11-00A0C91BC942}") = "wavasimage_input", "wavasimage_input\wavasimage_input.vcxproj", "{4FA7C157-7440-437C-856D-C3883D90CA7A}"
EndProject
Project("{8BC9CEB8-8B4A-11D0-8D11-00A0C91BC942}") = "jpeghdr_input", "jpeghdr_input\jpeghdr_input.vcxproj", "{E3FC1D37-4B45-44F4-8D68-00E1C5E9AE49}"
EndProject
Project("{8BC9CEB8-8B4A-11D0-8D11-00A0C91BC942}") = "description_input", "description_input\description_input.vcxproj", "{14DAA9DE-C266-4D02-9AC0-EB3DFEFDD78D}"
EndProject
Project("{8BC9CEB8-8B4A-11D0-8D11-00A0C91BC942}") = "description_output", "description_output\description_output.vcxproj", "{6C12568D-C731-45B0-8DBF-7159938C76CD}"
EndProject
Project("{8BC9CEB8-8B4A-11D0-8D11-00A0C91BC942}") = "pngs_input", "pngs_input\pngs_input.vcxproj", "{FD508C78-C4C8-4F91-9D09-BD49362D2BAF}"
EndProject
Project("{8BC9CEB8-8B4A-11D0-8D11-00A0C91BC942}") = "description_filter", "description_filter\description_filter.vcxproj", "{D8570D34-28F2-4F63-9E1C-A5520AB5BB52}"
EndProject
Project("{8BC9CEB8-8B4A-11D0-8D11-00A0C91BC942}") = "description_module", "description_module\description_module.vcxproj", "{F3EF6D5C-670A-41A8-8845-E57B32B73A5B}"
EndProject
Global
	GlobalSection(SolutionConfigurationPlatforms) = preSolution
		Debug|x64 = Debug|x64
		Debug|x86 = Debug|x86
		Release|x64 = Release|x64
		Release|x86 = Release|x86
	EndGlobalSection
	GlobalSection(ProjectConfigurationPlatforms) = postSolution
		{B820CD4A-523A-4ADA-B766-49A91C53E3BA}.Debug|x64.ActiveCfg = Debug|x64
		{B820CD4A-523A-4ADA-B766-49A91C53E3BA}.Debug|x64.Build.0 = Debug|x64
		{B820CD4A-523A-4ADA-B766-49A91C53E3BA}.Debug|x86.ActiveCfg = Debug|Win32
		{B820CD4A-523A-4ADA-B766-49A91C53E3BA}.Debug|x86.Build.0 = Debug|Win32
		{B820CD4A-523A-4ADA-B766-49A91C53E3BA}.Release|x64.ActiveCfg = Release|x64
		{B820CD4A-523A-4ADA-B766-49A91C53E3BA}.Release|x64.Build.0 = Release|x64
		{B820CD4A-523A-4ADA-B766-49A91C53E3BA}.Release|x86.ActiveCfg = Release|Win32
		{B820CD4A-523A-4ADA-B766-49A91C53E3BA}.Release|x86.Build.0 = Release|Win32
		{B96E0576-1674-494A-88C4-E0A704977D22}.Debug|x64.ActiveCfg = Debug|x64
		{B96E0576-1674-494A-88C4-E0A704977D22}.Debug|x64.Build.0 = Debug|x64
		{B96E0576-1674-494A-88C4-E0A704977D22}.Debug|x86.ActiveCfg = Debug|Win32
		{B96E0576-1674-494A-88C4-E0A704977D22}.Debug|x86.Build.0 = Debug|Win32
		{B96E0576-1674-494A-88C4-E0A704977D22}.Release|x64.ActiveCfg = Release|x64
		{B96E0576-1674-494A-88C4-E0A704977D22}.Release|x64.Build.0 = Release|x64
		{B96E0576-1674-494A-88C4-E0A704977D22}.Release|x86.ActiveCfg = Release|Win32
		{B96E0576-1674-494A-88C4-E0A704977D22}.Release|x86.Build.0 = Release|Win32
		{68EBB8D5-CC3C-472E-AA3A-79E049269E4E}.Debug|x64.ActiveCfg = Debug|x64
		{68EBB8D5-CC3C-472E-AA3A-79E049269E4E}.Debug|x64.Build.0 = Debug|x64
		{68EBB8D5-CC3C-472E-AA3A-79E049269E4E}.Debug|x86.ActiveCfg = Debug|Win32
		{68EBB8D5-CC3C-472E-AA3A-79E049269E4E}.Debug|x86.Build.0 = Debug|Win32
		{68EBB8D5-CC3C-472E-AA3A-79E049269E4E}.Release|x64.ActiveCfg = Release|x64
		{68EBB8D5-CC3C-472E-AA3A-79E049269E4E}.Release|x64.Build.0 = Release|x64
		{68EBB8D5-CC3C-472E-AA3A-79E049269E4E}.Release|x86.ActiveCfg = Release|Win32
		{68EBB8D5-CC3C-472E-AA3A-79E049269E4E}.Release|x86.Build.0 = Release|Win32
		{66357E32-AAC9-4CF4-82F8-710FB70899EC}.Debug|x64.ActiveCfg = Debug|x64
		{66357E32-AAC9-4CF4-82F8-710FB70899EC}.Debug|x64.Build.0 = Debug|x64
		{66357E32-AAC9-4CF4-82F8-710FB70899EC}.Debug|x86.ActiveCfg = Debug|Win32
		{66357E32-AAC9-4CF4-82F8-710FB70899EC}.Debug|x86.Build.0 = Debug|Win32
		{66357E32-AAC9-4CF4-82F8-710FB70899EC}.Release|x64.ActiveCfg = Release|x64
		{66357E32-AAC9-4CF4-82F8-710FB70899EC}.Release|x64.Build.0 = Release|x64
		{66357E32-AAC9-4CF4-82F8-710FB70899EC}.Release|x86.ActiveCfg = Release|Win32
		{66357E32-AAC9-4CF4-82F8-710FB70899EC}.Release|x86.Build.0 = Release|Win32
		{D9D6E0F9-878F-4958-B207-1D08829404C7}.Debug|x64.ActiveCfg = Debug|x64
		{D9D6E0F9-878F-4958-B207-1D08829404C7}.Debug|x64.Build.0 = Debug|x64
		{D9D6E0F9-878F-4958-B207-1D08829404C7}.Debug|x86.ActiveCfg = Debug|Win32
		{D9D6E0F9-878F-4958-B207-1D08829404C7}.Debug|x86.Build.0 = Debug|Win32
		{D9D6E0F9-878F-4958-B207-1D08829404C7}.Release|x64.ActiveCfg = Release|x64
		{D9D6E0F9-878F-4958-B207-1D08829404C7}.Release|x64.Build.0 = Release|x64
		{D9D6E0F9-878F-4958-B207-1D08829404C7}.Release|x86.ActiveCfg = Release|Win32
		{D9D6E0F9-878F-4958-B207-1D08829404C7}.Release|x86.Build.0 = Release|Win32
		{3F0BD56C-A9D9-4B54-9ED1-67D36AB4D7AD}.Debug|x64.ActiveCfg = Debug|x64
		{3F0BD56C-A9D9-4B54-9ED1-67D36AB4D7AD}.Debug|x64.Build.0 = Debug|x64
		{3F0BD56C-A9D9-4B54-9ED1-67D36AB4D7AD}.Debug|x86.ActiveCfg = Debug|Win32
		{3F0BD56C-A9D9-4B54-9ED1-67D36AB4D7AD}.Debug|x86.Build.0 = Debug|Win32
		{3F0BD56C-A9D9-4B54-9ED1-67D36AB4D7AD}.Release|x64.ActiveCfg = Release|x64
		{3F0BD56C-A9D9-4B54-9ED1-67D36AB4D7AD}.Release|x64.Build.0 = Release|x64
		{3F0BD56C-A9D9-4B54-9ED1-67D36AB4D7AD}.Release|x86.ActiveCfg = Release|Win32
		{3F0BD56C-A9D9-4B54-9ED1-67D36AB4D7AD}.Release|x86.Build.0 = Release|Win32
		{667CAFDD-11E8-47D3-AF6A-FC7C218F05B6}.Debug|x64.ActiveCfg = Debug|x64
		{667CAFDD-11E8-47D3-AF6A-FC7C218F05B6}.Debug|x64.Build.0 = Debug|x64
		{667CAFDD-11E8-47D3-AF6A-FC7C218F05B6}.Debug|x86.ActiveCfg = Debug|Win32
		{667CAFDD-11E8-47D3-AF6A-FC7C218F05B6}.Debug|x86.Build.0 = Debug|Win32
		{667CAFDD-11E8-47D3-AF6A-FC7C218F05B6}.Release|x64.ActiveCfg = Release|x64
		{667CAFDD-11E8-47D3-AF6A-FC7C218F05B6}.Release|x64.Build.0 = Release|x64
		{667CAFDD-11E8-47D3-AF6A-FC7C218F05B6}.Release|x86.ActiveCfg = Release|Win32
		{667CAFDD-11E8-47D3-AF6A-FC7C218F05B6}.Release|x86.Build.0 = Release|Win32
		{4FA7C157-7440-437C-856D-C3883D90CA7A}.Debug|x64.ActiveCfg = Debug|x64
		{4FA7C157-7440-437C-856D-C3883D90CA7A}.Debug|x64.Build.0 = Debug|x64
		{4FA7C157-7440-437C-856D-C3883D90CA7A}.Debug|x86.ActiveCfg = Debug|Win32
		{4FA7C157-7440-437C-856D-C3883D90CA7A}.Debug|x86.Build.0 = Debug|Win32
		{4FA7C157-7440-437C-856D-C3883D90CA7A}.Release|x64.ActiveCfg = Release|x64
		{4FA7C157-7440-437C-856D-C3883D90CA7A}.Release|x64.Build.0 = Release|x64
		{4FA7C157-7440-437C-856D-C3883D90CA7A}.Release|x86.ActiveCfg = Release|Win32
		{4FA7C157-7440-437C-856D-C3883D90CA7A}.Release|x86.Build.0 = Release|Win32
		{E3FC1D37-4B45-44F4-8D68-00E1C5E9AE49}.Debug|x64.ActiveCfg = Debug|x64
		{E3FC1D37-4B45-44F4-8D68-00E1C5E9AE49}.Debug|x64.Build.0 = Debug|x64
		{E3FC1D37-4B45-44F4-8D68-00E1C5E9AE49}.Debug|x86.ActiveCfg = Debug|Win32
		{E3FC1D37-4B45-44F4-8D68-00E1C5E9AE49}.Debug|x86.Build.0 = Debug|Win32
		{E3FC1D37-4B45-44F4-8D68-00E1C5E9AE49}.Release|x64.ActiveCfg = Release|x64
		{E3FC1D37-4B45-44F4-8D68-00E1C5E9AE49}.Release|x64.Build.0 = Release|x64
		{E3FC1D37-4B45-44F4-8D68-00E1C5E9AE49}.Release|x86.ActiveCfg = Release|Win32
		{E3FC1D37-4B45-44F4-8D68-00E1C5E9AE49}.Release|x86.Build.0 = Release|Win32
		{14DAA9DE-C266-4D02-9AC0-EB3DFEFDD78D}.Debug|x64.ActiveCfg = Debug|x64
		{14DAA9DE-C266-4D02-9AC0-EB3DFEFDD78D}.Debug|x64.Build.0 = Debug|x64
		{14DAA9DE-C266-4D02-9AC0-EB3DFEFDD78D}.Debug|x86.ActiveCfg = Debug|Win32
		{14DAA9DE-C266-4D02-9AC0-EB3DFEFDD78D}.Debug|x86.Build.0 = Debug|Win32
		{14DAA9DE-C266-4D02-9AC0-EB3DFEFDD78D}.Release|x64.ActiveCfg = Release|x64
		{14DAA9DE-C266-4D02-9AC0-EB3DFEFDD78D}.Release|x64.Build.0 = Release|x64
		{14DAA9DE-C266-4D02-9AC0-EB3DFEFDD78D}.Release|x86.ActiveCfg = Release|Win32
		{14DAA9DE-C266-4D02-9AC0-EB3DFEFDD78D}.Release|x86.Build.0 = Release|Win32
		{6C12568D-C731-45B0-8DBF-7159938C76CD}.Debug|x64.ActiveCfg = Debug|x64
		{6C12568D-C731-45B0-8DBF-7159938C76CD}.Debug|x64.Build.0 = Debug|x64
		{6C12568D-C731-45B0-8DBF-7159938C76CD}.Debug|x86.ActiveCfg = Debug|Win32
		{6C12568D-C731-45B0-8DBF-7159938C76CD}.Debug|x86.Build.0 = Debug|Win32
		{6C12568D-C731-45B0-8DBF-7159938C76CD}.Release|x64.ActiveCfg = Release|x64
		{6C12568D-C731-45B0-8DBF-7159938C76CD}.Release|x64.Build.0 = Release|x64
		{6C12568D-C731-45B0-8DBF-7159938C76CD}.Release|x86.ActiveCfg = Release|Win32
		{6C12568D-C731-45B0-8DBF-7159938C76CD}.Release|x86.Build.0 = Release|Win32
		{FD508C78-C4C8-4F91-9D09-BD49362D2BAF}.Debug|x64.ActiveCfg = Debug|x64
		{FD508C78-C4C8-4F91-9D09-BD49362D2BAF}.Debug|x64.Build.0 = Debug|x64
		{FD508C78-C4C8-4F91-9D09-BD49362D2BAF}.Debug|x86.ActiveCfg = Debug|Win32
		{FD508C78-C4C8-4F91-9D09-BD49362D2BAF}.Debug|x86.Build.0 = Debug|Win32
		{FD508C78-C4C8-4F91-9D09-BD49362D2BAF}.Release|x64.ActiveCfg = Release|x64
		{FD508C78-C4C8-4F91-9D09-BD49362D2BAF}.Release|x64.Build.0 = Release|x64
		{FD508C78-C4C8-4F91-9D09-BD49362D2BAF}.Release|x86.ActiveCfg = Release|Win32
		{FD508C78-C4C8-4F91-9D09-BD49362D2BAF}.Release|x86.Build.0 = Release|Win32
		{D8570D34-28F2-4F63-9E1C-A5520AB5BB52}.Debug|x64.ActiveCfg = Debug|x64
		{D8570D34-28F2-4F63-9E1C-A5520AB5BB52}.Debug|x64.Build.0 = Debug|x64
		{D8570D34-28F2-4F63-9E1C-A5520AB5BB52}.Debug|x86.ActiveCfg = Debug|Win32
		{D8570D34-28F2-4F63-9E1C-A5520AB5BB52}.Debug|x86.Build.0 = Debug|Win32
		{D8570D34-28F2-4F63-9E1C-A5520AB5BB52}.Release|x64.ActiveCfg = Release|x64
		{D8570D34-28F2-4F63-9E1C-A5520AB5BB52}.Release|x64.Build.0 = Release|x64
		{D8570D34-28F2-4F63-9E1C-A5520AB5BB52}.Release|x86.ActiveCfg = Release|Win32
		{D8570D34-28F2-4F63-9E1C-A5520AB5BB52}.Release|x86.Build.0 = Release|Win32
		{F3EF6D5C-670A-41A8-8845-E57B32B73A5B}.Debug|x64.ActiveCfg = Debug|x64
		{F3EF6D5C-670A-41A8-8845-E57B32B73A5B}.Debug|x64.Build.0 = Debug|x64
		{F3EF6D5C-670A-41A8-8845-E57B32B73A5B}.Debug|x86.ActiveCfg = Debug|Win32
		{F3EF6D5C-670A-41A8-8845-E57B32B73A5B}.Debug|x86.Build.0 = Debug|Win32
		{F3EF6D5C-670A-41A8-8845-E57B32B73A5B}.Release|x64.ActiveCfg = Release|x64
		{F3EF6D5C-670A-41A8-8845-E57B32B73A5B}.Release|x64.Build.0 = Release|x64
		{F3EF6D5C-670A-41A8-8845-E57B32B73A5B}.Release|x86.ActiveCfg = Release|Win32
		{F3EF6D5C-670A-41A8-8845-E57B32B73A5B}.Release|x86.Build.0 = Release|Win32
	EndGlobalSection
	GlobalSection(SolutionProperties) = preSolution
		HideSolutionNode = FALSE
	EndGlobalSection
EndGlobal
