
Microsoft Visual Studio Solution File, Format Version 12.00
# Visual Studio Version 17
VisualStudioVersion = 17.12.35521.163
MinimumVisualStudioVersion = 10.0.40219.1
Project("{8BC9CEB8-8B4A-11D0-8D11-00A0C91BC942}") = "avi_output", "avi_output\avi_output.vcxproj", "{B820CD4A-523A-4ADA-B766-49A91C53E3BA}"
EndProject
Project("{8BC9CEB8-8B4A-11D0-8D11-00A0C91BC942}") = "graygif_output", "graygif_output\graygif_output.vcxproj", "{B96E0576-1674-494A-88C4-E0A704977D22}"
EndProject
Project("{8BC9CEB8-8B4A-11D0-8D11-00A0C91BC942}") = "fpgif_output", "fpgif_output\fpgif_output.vcxproj", "{68EBB8D5-CC3C-472E-AA3A-79E049269E4E}"
EndProject
Project("{8BC9CEB8-8B4A-11D0-8D11-00A0C91BC942}") = "pngs_output", "pngs_output\pngs_output.vcxproj", "{66357E32-AAC9-4CF4-82F8-710FB70899EC}"
EndProject
Project("{8BC9CEB8-8B4A-11D0-8D11-00A0C91BC942}") = "apng_output", "apng_output\apng_output.vcxproj", "{D9D6E0F9-878F-4958-B207-1D08829404C7}"
EndProject
Global
	GlobalSection(SolutionConfigurationPlatforms) = preSolution
		Debug|x64 = Debug|x64
		Debug|x86 = Debug|x86
		Release|x64 = Release|x64
		Release|x86 = Release|x86
	EndGlobalSection
	GlobalSection(ProjectConfigurationPlatforms) = postSolution
		{B820CD4A-523A-4ADA-B766-49A91C53E3BA}.Debug|x64.ActiveCfg = Debug|x64
		{B820CD4A-523A-4ADA-B766-49A91C53E3BA}.Debug|x64.Build.0 = Debug|x64
		{B820CD4A-523A-4ADA-B766-49A91C53E3BA}.Debug|x86.ActiveCfg = Debug|Win32
		{B820CD4A-523A-4ADA-B766-49A91C53E3BA}.Debug|x86.Build.0 = Debug|Win32
		{B820CD4A-523A-4ADA-B766-49A91C53E3BA}.Release|x64.ActiveCfg = Release|x64
		{B820CD4A-523A-4ADA-B766-49A91C53E3BA}.Release|x64.Build.0 = Release|x64
		{B820CD4A-523A-4ADA-B766-49A91C53E3BA}.Release|x86.ActiveCfg = Release|Win32
		{B820CD4A-523A-4ADA-B766-49A91C53E3BA}.Release|x86.Build.0 = Release|Win32
		{B96E0576-1674-494A-88C4-E0A704977D22}.Debug|x64.ActiveCfg = Debug|x64
		{B96E0576-1674-494A-88C4-E0A704977D22}.Debug|x64.Build.0 = Debug|x64
		{B96E0576-1674-494A-88C4-E0A704977D22}.Debug|x86.ActiveCfg = Debug|Win32
		{B96E0576-1674-494A-88C4-E0A704977D22}.Debug|x86.Build.0 = Debug|Win32
		{B96E0576-1674-494A-88C4-E0A704977D22}.Release|x64.ActiveCfg = Release|x64
		{B96E0576-1674-494A-88C4-E0A704977D22}.Release|x64.Build.0 = Release|x64
		{B96E0576-1674-494A-88C4-E0A704977D22}.Release|x86.ActiveCfg = Release|Win32
		{B96E0576-1674-494A-88C4-E0A704977D22}.Release|x86.Build.0 = Release|Win32
		{68EBB8D5-CC3C-472E-AA3A-79E049269E4E}.Debug|x64.ActiveCfg = Debug|x64
		{68EBB8D5-CC3C-472E-AA3A-79E049269E4E}.Debug|x64.Build.0 = Debug|x64
		{68EBB8D5-CC3C-472E-AA3A-79E049269E4E}.Debug|x86.ActiveCfg = Debug|Win32
		{68EBB8D5-CC3C-472E-AA3A-79E049269E4E}.Debug|x86.Build.0 = Debug|Win32
		{68EBB8D5-CC3C-472E-AA3A-79E049269E4E}.Release|x64.ActiveCfg = Release|x64
		{68EBB8D5-CC3C-472E-AA3A-79E049269E4E}.Release|x64.Build.0 = Release|x64
		{68EBB8D5-CC3C-472E-AA3A-79E049269E4E}.Release|x86.ActiveCfg = Release|Win32
		{68EBB8D5-CC3C-472E-AA3A-79E049269E4E}.Release|x86.Build.0 = Release|Win32
		{66357E32-AAC9-4CF4-82F8-710FB70899EC}.Debug|x64.ActiveCfg = Debug|x64
		{66357E32-AAC9-4CF4-82F8-710FB70899EC}.Debug|x64.Build.0 = Debug|x64
		{66357E32-AAC9-4CF4-82F8-710FB70899EC}.Debug|x86.ActiveCfg = Debug|Win32
		{66357E32-AAC9-4CF4-82F8-710FB70899EC}.Debug|x86.Build.0 = Debug|Win32
		{66357E32-AAC9-4CF4-82F8-710FB70899EC}.Release|x64.ActiveCfg = Release|x64
		{66357E32-AAC9-4CF4-82F8-710FB70899EC}.Release|x64.Build.0 = Release|x64
		{66357E32-AAC9-4CF4-82F8-710FB70899EC}.Release|x86.ActiveCfg = Release|Win32
		{66357E32-AAC9-4CF4-82F8-710FB70899EC}.Release|x86.Build.0 = Release|Win32
		{D9D6E0F9-878F-4958-B207-1D08829404C7}.Debug|x64.ActiveCfg = Debug|x64
		{D9D6E0F9-878F-4958-B207-1D08829404C7}.Debug|x64.Build.0 = Debug|x64
		{D9D6E0F9-878F-4958-B207-1D08829404C7}.Debug|x86.ActiveCfg = Debug|Win32
		{D9D6E0F9-878F-4958-B207-1D08829404C7}.Debug|x86.Build.0 = Debug|Win32
		{D9D6E0F9-878F-4958-B207-1D08829404C7}.Release|x64.ActiveCfg = Release|x64
		{D9D6E0F9-878F-4958-B207-1D08829404C7}.Release|x64.Build.0 = Release|x64
		{D9D6E0F9-878F-4958-B207-1D08829404C7}.Release|x86.ActiveCfg = Release|Win32
		{D9D6E0F9-878F-4958-B207-1D08829404C7}.Release|x86.Build.0 = Release|Win32
	EndGlobalSection
	GlobalSection(SolutionProperties) = preSolution
		HideSolutionNode = FALSE
	EndGlobalSection
EndGlobal
